
Microsoft Visual Studio Solution File, Format Version 12.00
# Visual Studio Version 17
VisualStudioVersion = 17.7.34202.233
MinimumVisualStudioVersion = 10.0.40219.1
Project("{FAE04EC0-301F-11D3-BF4B-00C04F79EFBC}") = "LerningApi1", "LerningApi1\LerningApi1.csproj", "{626AFD7B-26C0-4991-BDED-890A009FB1E4}"
EndProject
Global
	GlobalSection(SolutionConfigurationPlatforms) = preSolution
		Debug|Any CPU = Debug|Any CPU
		Release|Any CPU = Release|Any CPU
	EndGlobalSection
	GlobalSection(ProjectConfigurationPlatforms) = postSolution
		{626AFD7B-26C0-4991-BDED-890A009FB1E4}.Debug|Any CPU.ActiveCfg = Debug|Any CPU
		{626AFD7B-26C0-4991-BDED-890A009FB1E4}.Debug|Any CPU.Build.0 = Debug|Any CPU
		{626AFD7B-26C0-4991-BDED-890A009FB1E4}.Release|Any CPU.ActiveCfg = Release|Any CPU
		{626AFD7B-26C0-4991-BDED-890A009FB1E4}.Release|Any CPU.Build.0 = Release|Any CPU
	EndGlobalSection
	GlobalSection(SolutionProperties) = preSolution
		HideSolutionNode = FALSE
	EndGlobalSection
	GlobalSection(ExtensibilityGlobals) = postSolution
		SolutionGuid = {80DA88A7-7344-4ECC-90FD-BE127577ED09}
	EndGlobalSection
EndGlobal
